github.com/tinywasm/ddlc v0.0.5 h1:QBZ9TfseoRnvqvoTFG7JAhf2j+Qa3ohaTka4P25BKAs=
github.com/tinywasm/ddlc v0.0.5/go.mod h1://RkYWsU2TcnT1A3qm6xnD9WRWSlnpR2TcnQPWITbrE=
github.com/tinywasm/fmt v0.25.3 h1:CkyjeKvSFM8BxRWleb4gaPak8Fe+VKPWvnW0UU7KvQE=
github.com/tinywasm/fmt v0.25.3/go.mod h1:L2GCAi6asgytPV6TVvGrRq5Ml+DkUt1Ijo5i/2J1jOY=
github.com/tinywasm/model v0.0.16 h1:qNNUXuyMePVm30S2pwe2fR3M8OTh50bHmJ5S0FxUgbU=
github.com/tinywasm/model v0.0.16/go.mod h1:wkYZLW6CWVrlx5TiLEBL71KgDxhjUcFtY3KXZKpkCXA=
github.com/tinywasm/modfind v0.0.4 h1:g7EFZArEftll9pxg5VAToIltVnEMRWfE+KEjPJpsNgY=
github.com/tinywasm/modfind v0.0.4/go.mod h1:g1ZkkxCZ7vwDI5O23AMWlPJy4ctRWfWKZX/y+KMH1FM=
