github.com/tinywasm/fmt v0.25.5 h1:2nBU5H1lszhkGIusm7m4S+rGM2rPiIJkhvQqwqN17qo=
github.com/tinywasm/fmt v0.25.5/go.mod h1:2Y4hlsQxqVsZ5z9vQL5XQbEzLQtQOr1Bhp44nPGfydA=
github.com/tinywasm/model v0.1.0 h1:Y33DNQ6ZRzORo5vYplWI/1Swp6TpmXBZCO3pjaosfPU=
github.com/tinywasm/model v0.1.0/go.mod h1:wkYZLW6CWVrlx5TiLEBL71KgDxhjUcFtY3KXZKpkCXA=
github.com/tinywasm/modfind v0.0.4 h1:g7EFZArEftll9pxg5VAToIltVnEMRWfE+KEjPJpsNgY=
github.com/tinywasm/modfind v0.0.4/go.mod h1:g1ZkkxCZ7vwDI5O23AMWlPJy4ctRWfWKZX/y+KMH1FM=
github.com/tinywasm/orm v0.9.29 h1:QoGEfPh9JX0Uj7IdZC6/M9EG7pZVHiNy/GVN8qBbrsE=
github.com/tinywasm/orm v0.9.29/go.mod h1:chKRr/uTlegKNTa2G2hdXjSjA8WXrYTyLMZSPC9R5hE=
